
Microsoft Visual Studio Solution File, Format Version 12.00
# Visual Studio Version 17
VisualStudioVersion = 17.8.35230.98
MinimumVisualStudioVersion = 10.0.40219.1
Project("{FAE04EC0-301F-11D3-BF4B-00C04F79EFBC}") = "MyEFDataLibrary", "MyEFDataLibrary.csproj", "{2364C619-DC9B-41A7-A94E-21B3F10AFB92}"
EndProject
Project("{FAE04EC0-301F-11D3-BF4B-00C04F79EFBC}") = "TestProject", "TestProject\TestProject.csproj", "{5A91668A-1136-4A9D-A2AC-BD744AC0EA89}"
EndProject
Global
	GlobalSection(SolutionConfigurationPlatforms) = preSolution
		Debug|Any CPU = Debug|Any CPU
		Release|Any CPU = Release|Any CPU
	EndGlobalSection
	GlobalSection(ProjectConfigurationPlatforms) = postSolution
		{2364C619-DC9B-41A7-A94E-21B3F10AFB92}.Debug|Any CPU.ActiveCfg = Debug|Any CPU
		{2364C619-DC9B-41A7-A94E-21B3F10AFB92}.Debug|Any CPU.Build.0 = Debug|Any CPU
		{2364C619-DC9B-41A7-A94E-21B3F10AFB92}.Release|Any CPU.ActiveCfg = Release|Any CPU
		{2364C619-DC9B-41A7-A94E-21B3F10AFB92}.Release|Any CPU.Build.0 = Release|Any CPU
		{5A91668A-1136-4A9D-A2AC-BD744AC0EA89}.Debug|Any CPU.ActiveCfg = Debug|Any CPU
		{5A91668A-1136-4A9D-A2AC-BD744AC0EA89}.Debug|Any CPU.Build.0 = Debug|Any CPU
		{5A91668A-1136-4A9D-A2AC-BD744AC0EA89}.Release|Any CPU.ActiveCfg = Release|Any CPU
		{5A91668A-1136-4A9D-A2AC-BD744AC0EA89}.Release|Any CPU.Build.0 = Release|Any CPU
	EndGlobalSection
	GlobalSection(SolutionProperties) = preSolution
		HideSolutionNode = FALSE
	EndGlobalSection
	GlobalSection(ExtensibilityGlobals) = postSolution
		SolutionGuid = {30CB3739-E71E-4AA6-9154-4528F2BEBA29}
	EndGlobalSection
EndGlobal
